
Microsoft Visual Studio Solution File, Format Version 12.00
# Visual Studio Version 16
VisualStudioVersion = 16.0.28803.352
MinimumVisualStudioVersion = 10.0.40219.1
Project("{9A19103F-16F7-4668-BE54-9A1E7A4F7556}") = "TodoListClient", "Client\TodoListClient.csproj", "{79AF134C-0F4A-43F8-8C47-75039ED87CE7}"
EndProject
Project("{9A19103F-16F7-4668-BE54-9A1E7A4F7556}") = "UITests", "UITests\UITests.csproj", "{EBB9332B-D965-4770-8BF0-84BC9BEF5024}"
EndProject
Project("{9A19103F-16F7-4668-BE54-9A1E7A4F7556}") = "Microsoft.Identity.Web", "Microsoft.Identity.Web\Microsoft.Identity.Web.csproj", "{BC752E15-9BFC-49A1-808D-0EEC3B528B62}"
EndProject
Project("{9A19103F-16F7-4668-BE54-9A1E7A4F7556}") = "Microsoft.Identity.Web.UI", "Microsoft.Identity.Web.UI\Microsoft.Identity.Web.UI.csproj", "{34858F35-2F4D-4974-A826-651EF87D261E}"
EndProject
Global
	GlobalSection(SolutionConfigurationPlatforms) = preSolution
		Debug|Any CPU = Debug|Any CPU
		Release|Any CPU = Release|Any CPU
	EndGlobalSection
	GlobalSection(ProjectConfigurationPlatforms) = postSolution
		{79AF134C-0F4A-43F8-8C47-75039ED87CE7}.Debug|Any CPU.ActiveCfg = Debug|Any CPU
		{79AF134C-0F4A-43F8-8C47-75039ED87CE7}.Debug|Any CPU.Build.0 = Debug|Any CPU
		{79AF134C-0F4A-43F8-8C47-75039ED87CE7}.Release|Any CPU.ActiveCfg = Release|Any CPU
		{79AF134C-0F4A-43F8-8C47-75039ED87CE7}.Release|Any CPU.Build.0 = Release|Any CPU
		{EBB9332B-D965-4770-8BF0-84BC9BEF5024}.Debug|Any CPU.ActiveCfg = Debug|Any CPU
		{EBB9332B-D965-4770-8BF0-84BC9BEF5024}.Debug|Any CPU.Build.0 = Debug|Any CPU
		{EBB9332B-D965-4770-8BF0-84BC9BEF5024}.Release|Any CPU.ActiveCfg = Release|Any CPU
		{EBB9332B-D965-4770-8BF0-84BC9BEF5024}.Release|Any CPU.Build.0 = Release|Any CPU
		{BC752E15-9BFC-49A1-808D-0EEC3B528B62}.Debug|Any CPU.ActiveCfg = Debug|Any CPU
		{BC752E15-9BFC-49A1-808D-0EEC3B528B62}.Debug|Any CPU.Build.0 = Debug|Any CPU
		{BC752E15-9BFC-49A1-808D-0EEC3B528B62}.Release|Any CPU.ActiveCfg = Release|Any CPU
		{BC752E15-9BFC-49A1-808D-0EEC3B528B62}.Release|Any CPU.Build.0 = Release|Any CPU
		{34858F35-2F4D-4974-A826-651EF87D261E}.Debug|Any CPU.ActiveCfg = Debug|Any CPU
		{34858F35-2F4D-4974-A826-651EF87D261E}.Debug|Any CPU.Build.0 = Debug|Any CPU
		{34858F35-2F4D-4974-A826-651EF87D261E}.Release|Any CPU.ActiveCfg = Release|Any CPU
		{34858F35-2F4D-4974-A826-651EF87D261E}.Release|Any CPU.Build.0 = Release|Any CPU
	EndGlobalSection
	GlobalSection(SolutionProperties) = preSolution
		HideSolutionNode = FALSE
	EndGlobalSection
	GlobalSection(ExtensibilityGlobals) = postSolution
		SolutionGuid = {C0E11621-7A5F-4207-9629-0155FF96ADC4}
	EndGlobalSection
EndGlobal
